
Microsoft Visual Studio Solution File, Format Version 12.00
# Visual Studio Version 16
VisualStudioVersion = 16.0.31515.178
MinimumVisualStudioVersion = 10.0.40219.1
Project("{FAE04EC0-301F-11D3-BF4B-00C04F79EFBC}") = "Vehicles.Common", "Vehicles.Common\Vehicles.Common.csproj", "{25777524-63D4-4CCE-82E4-A88717947C21}"
EndProject
Project("{FAE04EC0-301F-11D3-BF4B-00C04F79EFBC}") = "Vehicles.API", "Vehicles.API\Vehicles.API.csproj", "{D6CF52EC-F44A-445A-AB05-B64DADB4061E}"
EndProject
Global
	GlobalSection(SolutionConfigurationPlatforms) = preSolution
		Debug|Any CPU = Debug|Any CPU
		Release|Any CPU = Release|Any CPU
	EndGlobalSection
	GlobalSection(ProjectConfigurationPlatforms) = postSolution
		{25777524-63D4-4CCE-82E4-A88717947C21}.Debug|Any CPU.ActiveCfg = Debug|Any CPU
		{25777524-63D4-4CCE-82E4-A88717947C21}.Debug|Any CPU.Build.0 = Debug|Any CPU
		{25777524-63D4-4CCE-82E4-A88717947C21}.Release|Any CPU.ActiveCfg = Release|Any CPU
		{25777524-63D4-4CCE-82E4-A88717947C21}.Release|Any CPU.Build.0 = Release|Any CPU
		{D6CF52EC-F44A-445A-AB05-B64DADB4061E}.Debug|Any CPU.ActiveCfg = Debug|Any CPU
		{D6CF52EC-F44A-445A-AB05-B64DADB4061E}.Debug|Any CPU.Build.0 = Debug|Any CPU
		{D6CF52EC-F44A-445A-AB05-B64DADB4061E}.Release|Any CPU.ActiveCfg = Release|Any CPU
		{D6CF52EC-F44A-445A-AB05-B64DADB4061E}.Release|Any CPU.Build.0 = Release|Any CPU
	EndGlobalSection
	GlobalSection(SolutionProperties) = preSolution
		HideSolutionNode = FALSE
	EndGlobalSection
	GlobalSection(ExtensibilityGlobals) = postSolution
		SolutionGuid = {9DBB1E94-E75C-4E15-893B-5E252FDFF6C1}
	EndGlobalSection
EndGlobal
